
Microsoft Visual Studio Solution File, Format Version 12.00
# Visual Studio Version 17
VisualStudioVersion = 17.0.31903.59
MinimumVisualStudioVersion = 10.0.40219.1
Project("{9A19103F-16F7-4668-BE54-9A1E7A4F7556}") = "WaffleCLI", "src\WaffleCLI\WaffleCLI.csproj", "{F9AD1ACD-DC5E-4BD8-84EE-D83625F3D10A}"
EndProject
Project("{9A19103F-16F7-4668-BE54-9A1E7A4F7556}") = "WaffleCLI.Abstractions", "src\WaffleCLI.Abstractions\WaffleCLI.Abstractions.csproj", "{DD3F84DF-D333-4942-931C-B33C53BF8C0F}"
EndProject
Project("{9A19103F-16F7-4668-BE54-9A1E7A4F7556}") = "WaffleCLI.Configuration", "src\WaffleCLI.Configuration\WaffleCLI.Configuration.csproj", "{31EC1844-7A76-449C-9E19-3ED74C65DB31}"
EndProject
Project("{9A19103F-16F7-4668-BE54-9A1E7A4F7556}") = "WaffleCLI.Core", "src\WaffleCLI.Core\WaffleCLI.Core.csproj", "{581A054C-130C-473D-82A1-EC8554869695}"
EndProject
Project("{9A19103F-16F7-4668-BE54-9A1E7A4F7556}") = "WaffleCLI.Hosting", "src\WaffleCLI.Hosting\WaffleCLI.Hosting.csproj", "{EAE07459-2F82-4C80-9A46-BD8439C69175}"
EndProject
Project("{9A19103F-16F7-4668-BE54-9A1E7A4F7556}") = "WaffleCLI.Runtime", "src\WaffleCLI.Runtime\WaffleCLI.Runtime.csproj", "{0213DE83-4E66-4CF4-96C8-6F909D6369C3}"
EndProject
Project("{2150E333-8FDC-42A3-9474-1A3956D46DE8}") = "src", "src", "{E9A00D70-3144-4A3A-BA2B-A011A2C2F374}"
EndProject
Project("{2150E333-8FDC-42A3-9474-1A3956D46DE8}") = "samples", "samples", "{20A2E0E2-6D5C-45C5-83AC-B930A78383E0}"
EndProject
Project("{9A19103F-16F7-4668-BE54-9A1E7A4F7556}") = "WaffleCLI.SampleApp", "samples\WaffleCLI.SampleApp\WaffleCLI.SampleApp.csproj", "{DE0E7E58-8BE2-454E-9224-46DB755A0D5E}"
EndProject
Project("{2150E333-8FDC-42A3-9474-1A3956D46DE8}") = "tools", "tools", "{7F6D7101-1ED8-4AD2-9F09-00001E32FEFD}"
EndProject
Project("{9A19103F-16F7-4668-BE54-9A1E7A4F7556}") = "WaffleCLI.Cli", "tools\WaffleCLI.Cli\WaffleCLI.Cli.csproj", "{18443B3D-BB84-4B81-9AD6-5A988ABFADE9}"
EndProject
Global
	GlobalSection(SolutionConfigurationPlatforms) = preSolution
		Debug|Any CPU = Debug|Any CPU
		Release|Any CPU = Release|Any CPU
	EndGlobalSection
	GlobalSection(SolutionProperties) = preSolution
		HideSolutionNode = FALSE
	EndGlobalSection
	GlobalSection(NestedProjects) = preSolution
		{F9AD1ACD-DC5E-4BD8-84EE-D83625F3D10A} = {E9A00D70-3144-4A3A-BA2B-A011A2C2F374}
		{DD3F84DF-D333-4942-931C-B33C53BF8C0F} = {E9A00D70-3144-4A3A-BA2B-A011A2C2F374}
		{31EC1844-7A76-449C-9E19-3ED74C65DB31} = {E9A00D70-3144-4A3A-BA2B-A011A2C2F374}
		{581A054C-130C-473D-82A1-EC8554869695} = {E9A00D70-3144-4A3A-BA2B-A011A2C2F374}
		{EAE07459-2F82-4C80-9A46-BD8439C69175} = {E9A00D70-3144-4A3A-BA2B-A011A2C2F374}
		{0213DE83-4E66-4CF4-96C8-6F909D6369C3} = {E9A00D70-3144-4A3A-BA2B-A011A2C2F374}
		{DE0E7E58-8BE2-454E-9224-46DB755A0D5E} = {20A2E0E2-6D5C-45C5-83AC-B930A78383E0}
		{18443B3D-BB84-4B81-9AD6-5A988ABFADE9} = {7F6D7101-1ED8-4AD2-9F09-00001E32FEFD}
	EndGlobalSection
	GlobalSection(ProjectConfigurationPlatforms) = postSolution
		{F9AD1ACD-DC5E-4BD8-84EE-D83625F3D10A}.Debug|Any CPU.ActiveCfg = Debug|Any CPU
		{F9AD1ACD-DC5E-4BD8-84EE-D83625F3D10A}.Debug|Any CPU.Build.0 = Debug|Any CPU
		{DD3F84DF-D333-4942-931C-B33C53BF8C0F}.Debug|Any CPU.ActiveCfg = Debug|Any CPU
		{DD3F84DF-D333-4942-931C-B33C53BF8C0F}.Debug|Any CPU.Build.0 = Debug|Any CPU
		{18443B3D-BB84-4B81-9AD6-5A988ABFADE9}.Debug|Any CPU.ActiveCfg = Debug|Any CPU
		{18443B3D-BB84-4B81-9AD6-5A988ABFADE9}.Debug|Any CPU.Build.0 = Debug|Any CPU
		{31EC1844-7A76-449C-9E19-3ED74C65DB31}.Debug|Any CPU.ActiveCfg = Debug|Any CPU
		{31EC1844-7A76-449C-9E19-3ED74C65DB31}.Debug|Any CPU.Build.0 = Debug|Any CPU
		{581A054C-130C-473D-82A1-EC8554869695}.Debug|Any CPU.ActiveCfg = Debug|Any CPU
		{581A054C-130C-473D-82A1-EC8554869695}.Debug|Any CPU.Build.0 = Debug|Any CPU
		{EAE07459-2F82-4C80-9A46-BD8439C69175}.Debug|Any CPU.ActiveCfg = Debug|Any CPU
		{EAE07459-2F82-4C80-9A46-BD8439C69175}.Debug|Any CPU.Build.0 = Debug|Any CPU
		{0213DE83-4E66-4CF4-96C8-6F909D6369C3}.Debug|Any CPU.ActiveCfg = Debug|Any CPU
		{0213DE83-4E66-4CF4-96C8-6F909D6369C3}.Debug|Any CPU.Build.0 = Debug|Any CPU
		{DE0E7E58-8BE2-454E-9224-46DB755A0D5E}.Debug|Any CPU.ActiveCfg = Debug|Any CPU
		{DE0E7E58-8BE2-454E-9224-46DB755A0D5E}.Debug|Any CPU.Build.0 = Debug|Any CPU
	EndGlobalSection
EndGlobal
