
Microsoft Visual Studio Solution File, Format Version 12.00
# Visual Studio Version 17
VisualStudioVersion = 17.0.31903.59
MinimumVisualStudioVersion = 10.0.40219.1
Project("{FAE04EC0-301F-11D3-BF4B-00C04F79EFBC}") = "WaffleCLI.Runtime", "WaffleCLI.Runtime\WaffleCLI.Runtime.csproj", "{EC31CC2B-D637-4723-A9DE-D3FA01F7F361}"
EndProject
Project("{FAE04EC0-301F-11D3-BF4B-00C04F79EFBC}") = "WaffleCLI.Configuration", "WaffleCLI.Configuration\WaffleCLI.Configuration.csproj", "{FF01C958-BED2-497E-91D8-04BC99736592}"
EndProject
Project("{FAE04EC0-301F-11D3-BF4B-00C04F79EFBC}") = "WaffleCLI.Hosting", "WaffleCLI.Hosting\WaffleCLI.Hosting.csproj", "{7F2E45F7-521F-411B-9C08-01FC31453572}"
EndProject
Project("{FAE04EC0-301F-11D3-BF4B-00C04F79EFBC}") = "WaffleCLI.Cli", "WaffleCLI.Cli\WaffleCLI.Cli.csproj", "{2631982B-A77E-4C6A-A2F4-13DCC256A4FB}"
EndProject
Project("{FAE04EC0-301F-11D3-BF4B-00C04F79EFBC}") = "WaffleCLI.SampleApp", "WaffleCLI.SampleApp\WaffleCLI.SampleApp.csproj", "{8C7262F1-3E35-4FCC-8292-5C027ABB86C6}"
EndProject
Project("{2150E333-8FDC-42A3-9474-1A3956D46DE8}") = "src", "src", "{D79618D5-CE65-4560-8295-75036AD0B1E0}"
EndProject
Project("{FAE04EC0-301F-11D3-BF4B-00C04F79EFBC}") = "WaffleCLI.Core", "WaffleCLI.Core\WaffleCLI.Core.csproj", "{9A520B4A-FE9A-41F3-9CC2-0D31FB8E55DD}"
EndProject
Project("{2150E333-8FDC-42A3-9474-1A3956D46DE8}") = "tools", "tools", "{A50DE3DA-574E-4F96-AA85-E4FB629D9581}"
EndProject
Project("{FAE04EC0-301F-11D3-BF4B-00C04F79EFBC}") = "WaffleCLI.Templates", "WaffleCLI.Templates\WaffleCLI.Templates.csproj", "{DA534B65-4BB9-4D97-A76C-2B4AFB055CBB}"
EndProject
Project("{2150E333-8FDC-42A3-9474-1A3956D46DE8}") = "samples", "samples", "{058A35D6-8EE7-4ED6-B303-14FB1E13DAB5}"
EndProject
Project("{FAE04EC0-301F-11D3-BF4B-00C04F79EFBC}") = "WaffleCLI.Examples", "WaffleCLI.Examples\WaffleCLI.Examples.csproj", "{671D1558-48F8-47A8-9703-567C8E95DE58}"
EndProject
Project("{2150E333-8FDC-42A3-9474-1A3956D46DE8}") = "tests", "tests", "{4408D303-EC00-47FD-B131-26FAFBF6A345}"
EndProject
Project("{FAE04EC0-301F-11D3-BF4B-00C04F79EFBC}") = "WaffleCLI.Abstractions", "WaffleCLI.Abstractions\WaffleCLI.Abstractions.csproj", "{7C3F75D8-CC7D-4F2F-BC0D-681CC151C795}"
EndProject
Project("{FAE04EC0-301F-11D3-BF4B-00C04F79EFBC}") = "WaffleCLI", "WaffleCLI\WaffleCLI.csproj", "{D798D590-ED16-4057-B12A-E883EC8C058D}"
EndProject
Project("{2150E333-8FDC-42A3-9474-1A3956D46DE8}") = "build", "build", "{99E436D3-931E-4E0F-AC7A-C173C6DE36F7}"
EndProject
Global
	GlobalSection(SolutionConfigurationPlatforms) = preSolution
		Debug|Any CPU = Debug|Any CPU
		Release|Any CPU = Release|Any CPU
	EndGlobalSection
	GlobalSection(SolutionProperties) = preSolution
		HideSolutionNode = FALSE
	EndGlobalSection
	GlobalSection(ProjectConfigurationPlatforms) = postSolution
		{EC31CC2B-D637-4723-A9DE-D3FA01F7F361}.Debug|Any CPU.ActiveCfg = Debug|Any CPU
		{EC31CC2B-D637-4723-A9DE-D3FA01F7F361}.Debug|Any CPU.Build.0 = Debug|Any CPU
		{EC31CC2B-D637-4723-A9DE-D3FA01F7F361}.Release|Any CPU.ActiveCfg = Release|Any CPU
		{EC31CC2B-D637-4723-A9DE-D3FA01F7F361}.Release|Any CPU.Build.0 = Release|Any CPU
		{FF01C958-BED2-497E-91D8-04BC99736592}.Debug|Any CPU.ActiveCfg = Debug|Any CPU
		{FF01C958-BED2-497E-91D8-04BC99736592}.Debug|Any CPU.Build.0 = Debug|Any CPU
		{FF01C958-BED2-497E-91D8-04BC99736592}.Release|Any CPU.ActiveCfg = Release|Any CPU
		{FF01C958-BED2-497E-91D8-04BC99736592}.Release|Any CPU.Build.0 = Release|Any CPU
		{7F2E45F7-521F-411B-9C08-01FC31453572}.Debug|Any CPU.ActiveCfg = Debug|Any CPU
		{7F2E45F7-521F-411B-9C08-01FC31453572}.Debug|Any CPU.Build.0 = Debug|Any CPU
		{7F2E45F7-521F-411B-9C08-01FC31453572}.Release|Any CPU.ActiveCfg = Release|Any CPU
		{7F2E45F7-521F-411B-9C08-01FC31453572}.Release|Any CPU.Build.0 = Release|Any CPU
		{2631982B-A77E-4C6A-A2F4-13DCC256A4FB}.Debug|Any CPU.ActiveCfg = Debug|Any CPU
		{2631982B-A77E-4C6A-A2F4-13DCC256A4FB}.Debug|Any CPU.Build.0 = Debug|Any CPU
		{2631982B-A77E-4C6A-A2F4-13DCC256A4FB}.Release|Any CPU.ActiveCfg = Release|Any CPU
		{2631982B-A77E-4C6A-A2F4-13DCC256A4FB}.Release|Any CPU.Build.0 = Release|Any CPU
		{8C7262F1-3E35-4FCC-8292-5C027ABB86C6}.Debug|Any CPU.ActiveCfg = Debug|Any CPU
		{8C7262F1-3E35-4FCC-8292-5C027ABB86C6}.Debug|Any CPU.Build.0 = Debug|Any CPU
		{8C7262F1-3E35-4FCC-8292-5C027ABB86C6}.Release|Any CPU.ActiveCfg = Release|Any CPU
		{8C7262F1-3E35-4FCC-8292-5C027ABB86C6}.Release|Any CPU.Build.0 = Release|Any CPU
		{9A520B4A-FE9A-41F3-9CC2-0D31FB8E55DD}.Debug|Any CPU.ActiveCfg = Debug|Any CPU
		{9A520B4A-FE9A-41F3-9CC2-0D31FB8E55DD}.Debug|Any CPU.Build.0 = Debug|Any CPU
		{9A520B4A-FE9A-41F3-9CC2-0D31FB8E55DD}.Release|Any CPU.ActiveCfg = Release|Any CPU
		{9A520B4A-FE9A-41F3-9CC2-0D31FB8E55DD}.Release|Any CPU.Build.0 = Release|Any CPU
		{DA534B65-4BB9-4D97-A76C-2B4AFB055CBB}.Debug|Any CPU.ActiveCfg = Debug|Any CPU
		{DA534B65-4BB9-4D97-A76C-2B4AFB055CBB}.Debug|Any CPU.Build.0 = Debug|Any CPU
		{DA534B65-4BB9-4D97-A76C-2B4AFB055CBB}.Release|Any CPU.ActiveCfg = Release|Any CPU
		{DA534B65-4BB9-4D97-A76C-2B4AFB055CBB}.Release|Any CPU.Build.0 = Release|Any CPU
		{671D1558-48F8-47A8-9703-567C8E95DE58}.Debug|Any CPU.ActiveCfg = Debug|Any CPU
		{671D1558-48F8-47A8-9703-567C8E95DE58}.Debug|Any CPU.Build.0 = Debug|Any CPU
		{671D1558-48F8-47A8-9703-567C8E95DE58}.Release|Any CPU.ActiveCfg = Release|Any CPU
		{671D1558-48F8-47A8-9703-567C8E95DE58}.Release|Any CPU.Build.0 = Release|Any CPU
		{7C3F75D8-CC7D-4F2F-BC0D-681CC151C795}.Debug|Any CPU.ActiveCfg = Debug|Any CPU
		{7C3F75D8-CC7D-4F2F-BC0D-681CC151C795}.Debug|Any CPU.Build.0 = Debug|Any CPU
		{7C3F75D8-CC7D-4F2F-BC0D-681CC151C795}.Release|Any CPU.ActiveCfg = Release|Any CPU
		{7C3F75D8-CC7D-4F2F-BC0D-681CC151C795}.Release|Any CPU.Build.0 = Release|Any CPU
		{D798D590-ED16-4057-B12A-E883EC8C058D}.Debug|Any CPU.ActiveCfg = Debug|Any CPU
		{D798D590-ED16-4057-B12A-E883EC8C058D}.Debug|Any CPU.Build.0 = Debug|Any CPU
		{D798D590-ED16-4057-B12A-E883EC8C058D}.Release|Any CPU.ActiveCfg = Release|Any CPU
		{D798D590-ED16-4057-B12A-E883EC8C058D}.Release|Any CPU.Build.0 = Release|Any CPU
	EndGlobalSection
	GlobalSection(NestedProjects) = preSolution
		{FF01C958-BED2-497E-91D8-04BC99736592} = {D79618D5-CE65-4560-8295-75036AD0B1E0}
		{7F2E45F7-521F-411B-9C08-01FC31453572} = {D79618D5-CE65-4560-8295-75036AD0B1E0}
		{EC31CC2B-D637-4723-A9DE-D3FA01F7F361} = {D79618D5-CE65-4560-8295-75036AD0B1E0}
		{9A520B4A-FE9A-41F3-9CC2-0D31FB8E55DD} = {D79618D5-CE65-4560-8295-75036AD0B1E0}
		{2631982B-A77E-4C6A-A2F4-13DCC256A4FB} = {A50DE3DA-574E-4F96-AA85-E4FB629D9581}
		{DA534B65-4BB9-4D97-A76C-2B4AFB055CBB} = {A50DE3DA-574E-4F96-AA85-E4FB629D9581}
		{8C7262F1-3E35-4FCC-8292-5C027ABB86C6} = {058A35D6-8EE7-4ED6-B303-14FB1E13DAB5}
		{671D1558-48F8-47A8-9703-567C8E95DE58} = {058A35D6-8EE7-4ED6-B303-14FB1E13DAB5}
		{7C3F75D8-CC7D-4F2F-BC0D-681CC151C795} = {D79618D5-CE65-4560-8295-75036AD0B1E0}
		{D798D590-ED16-4057-B12A-E883EC8C058D} = {D79618D5-CE65-4560-8295-75036AD0B1E0}
	EndGlobalSection
EndGlobal
